
Microsoft Visual Studio Solution File, Format Version 12.00
# Visual Studio Version 17
VisualStudioVersion = 17.5.2.0
MinimumVisualStudioVersion = 10.0.40219.1
Project("{2150E333-8FDC-42A3-9474-1A3956D46DE8}") = "demo", "demo", "{A39C23D2-F2C0-258D-165A-CF1E7FEE6E7B}"
EndProject
Project("{2150E333-8FDC-42A3-9474-1A3956D46DE8}") = "src", "src", "{827E0CD3-B72D-47B6-A68D-7590B98EB39B}"
EndProject
Project("{2150E333-8FDC-42A3-9474-1A3956D46DE8}") = "test", "test", "{0C88DD14-F956-CE84-757C-A364CCF449FC}"
EndProject

Project("{FAE04EC0-301F-11D3-BF4B-00C04F79EFBC}") = "LiquidRainbowRpcV0", "demo\LiquidRainbowRpcV0\LiquidRainbowRpcV0.csproj", "{C1592D94-6016-44F7-ACBE-29BF240A4386}"
EndProject
Project("{FAE04EC0-301F-11D3-BF4B-00C04F79EFBC}") = "ClientDemo", "demo\ClientDemo\ClientDemo.csproj", "{442A513F-D437-B8A5-E756-15C81DF2FEEC}"
EndProject
Project("{FAE04EC0-301F-11D3-BF4B-00C04F79EFBC}") = "ServerDemo", "demo\ServerDemo\ServerDemo.csproj", "{29CAF69E-6AE1-3B25-A705-319A84DEC3FD}"
EndProject

Project("{FAE04EC0-301F-11D3-BF4B-00C04F79EFBC}") = "LoggingSdk", "src\LoggingSdk\LoggingSdk.csproj", "{0A9F696C-A9B9-582C-284F-FC0A43EAC5EE}"
EndProject
Project("{FAE04EC0-301F-11D3-BF4B-00C04F79EFBC}") = "BufferKit", "src\BufferKit\BufferKit.csproj", "{AEF0D571-3E34-BDE7-362A-EB594C251A3C}"
EndProject
Project("{FAE04EC0-301F-11D3-BF4B-00C04F79EFBC}") = "RpcClientSdk", "src\RpcClientSdk\RpcClientSdk.csproj", "{8FAE1F39-60A5-B848-1A61-6186992CEAC4}"
EndProject
Project("{FAE04EC0-301F-11D3-BF4B-00C04F79EFBC}") = "RpcMuxSdk", "src\RpcMuxSdk\RpcMuxSdk.csproj", "{8E1BBE80-0DE2-032E-316D-29650F931302}"
EndProject
Project("{FAE04EC0-301F-11D3-BF4B-00C04F79EFBC}") = "RpcPeerComSdk", "src\RpcPeerComSdk\RpcPeerComSdk.csproj", "{C6FE6F77-9D38-55FD-901B-D94037BA4075}"
EndProject
Project("{FAE04EC0-301F-11D3-BF4B-00C04F79EFBC}") = "SerdesKit", "src\SerdesKit\SerdesKit.csproj", "{103A7422-DF5F-480D-8CAC-5A852B32445D}"
EndProject
Project("{FAE04EC0-301F-11D3-BF4B-00C04F79EFBC}") = "BufferKit.xUnit.Test", "test\BufferKit.xUnit.Test\BufferKit.xUnit.Test.csproj", "{C586AF30-87AF-9985-32FA-8B9E60B903DF}"
EndProject

Global
	GlobalSection(SolutionConfigurationPlatforms) = preSolution
		Debug|Any CPU = Debug|Any CPU
		Debug|x64 = Debug|x64
		Debug|x86 = Debug|x86
		Release|Any CPU = Release|Any CPU
		Release|x64 = Release|x64
		Release|x86 = Release|x86
	EndGlobalSection
	GlobalSection(ProjectConfigurationPlatforms) = postSolution
		{442A513F-D437-B8A5-E756-15C81DF2FEEC}.Debug|Any CPU.ActiveCfg = Debug|Any CPU
		{442A513F-D437-B8A5-E756-15C81DF2FEEC}.Debug|Any CPU.Build.0 = Debug|Any CPU
		{442A513F-D437-B8A5-E756-15C81DF2FEEC}.Debug|x64.ActiveCfg = Debug|Any CPU
		{442A513F-D437-B8A5-E756-15C81DF2FEEC}.Debug|x64.Build.0 = Debug|Any CPU
		{442A513F-D437-B8A5-E756-15C81DF2FEEC}.Debug|x86.ActiveCfg = Debug|Any CPU
		{442A513F-D437-B8A5-E756-15C81DF2FEEC}.Debug|x86.Build.0 = Debug|Any CPU
		{442A513F-D437-B8A5-E756-15C81DF2FEEC}.Release|Any CPU.ActiveCfg = Release|Any CPU
		{442A513F-D437-B8A5-E756-15C81DF2FEEC}.Release|Any CPU.Build.0 = Release|Any CPU
		{442A513F-D437-B8A5-E756-15C81DF2FEEC}.Release|x64.ActiveCfg = Release|Any CPU
		{442A513F-D437-B8A5-E756-15C81DF2FEEC}.Release|x64.Build.0 = Release|Any CPU
		{442A513F-D437-B8A5-E756-15C81DF2FEEC}.Release|x86.ActiveCfg = Release|Any CPU
		{442A513F-D437-B8A5-E756-15C81DF2FEEC}.Release|x86.Build.0 = Release|Any CPU
		{29CAF69E-6AE1-3B25-A705-319A84DEC3FD}.Debug|Any CPU.ActiveCfg = Debug|Any CPU
		{29CAF69E-6AE1-3B25-A705-319A84DEC3FD}.Debug|Any CPU.Build.0 = Debug|Any CPU
		{29CAF69E-6AE1-3B25-A705-319A84DEC3FD}.Debug|x64.ActiveCfg = Debug|Any CPU
		{29CAF69E-6AE1-3B25-A705-319A84DEC3FD}.Debug|x64.Build.0 = Debug|Any CPU
		{29CAF69E-6AE1-3B25-A705-319A84DEC3FD}.Debug|x86.ActiveCfg = Debug|Any CPU
		{29CAF69E-6AE1-3B25-A705-319A84DEC3FD}.Debug|x86.Build.0 = Debug|Any CPU
		{29CAF69E-6AE1-3B25-A705-319A84DEC3FD}.Release|Any CPU.ActiveCfg = Release|Any CPU
		{29CAF69E-6AE1-3B25-A705-319A84DEC3FD}.Release|Any CPU.Build.0 = Release|Any CPU
		{29CAF69E-6AE1-3B25-A705-319A84DEC3FD}.Release|x64.ActiveCfg = Release|Any CPU
		{29CAF69E-6AE1-3B25-A705-319A84DEC3FD}.Release|x64.Build.0 = Release|Any CPU
		{29CAF69E-6AE1-3B25-A705-319A84DEC3FD}.Release|x86.ActiveCfg = Release|Any CPU
		{29CAF69E-6AE1-3B25-A705-319A84DEC3FD}.Release|x86.Build.0 = Release|Any CPU
		{AEF0D571-3E34-BDE7-362A-EB594C251A3C}.Debug|Any CPU.ActiveCfg = Debug|Any CPU
		{AEF0D571-3E34-BDE7-362A-EB594C251A3C}.Debug|Any CPU.Build.0 = Debug|Any CPU
		{AEF0D571-3E34-BDE7-362A-EB594C251A3C}.Debug|x64.ActiveCfg = Debug|Any CPU
		{AEF0D571-3E34-BDE7-362A-EB594C251A3C}.Debug|x64.Build.0 = Debug|Any CPU
		{AEF0D571-3E34-BDE7-362A-EB594C251A3C}.Debug|x86.ActiveCfg = Debug|Any CPU
		{AEF0D571-3E34-BDE7-362A-EB594C251A3C}.Debug|x86.Build.0 = Debug|Any CPU
		{AEF0D571-3E34-BDE7-362A-EB594C251A3C}.Release|Any CPU.ActiveCfg = Release|Any CPU
		{AEF0D571-3E34-BDE7-362A-EB594C251A3C}.Release|Any CPU.Build.0 = Release|Any CPU
		{AEF0D571-3E34-BDE7-362A-EB594C251A3C}.Release|x64.ActiveCfg = Release|Any CPU
		{AEF0D571-3E34-BDE7-362A-EB594C251A3C}.Release|x64.Build.0 = Release|Any CPU
		{AEF0D571-3E34-BDE7-362A-EB594C251A3C}.Release|x86.ActiveCfg = Release|Any CPU
		{AEF0D571-3E34-BDE7-362A-EB594C251A3C}.Release|x86.Build.0 = Release|Any CPU
		{0A9F696C-A9B9-582C-284F-FC0A43EAC5EE}.Debug|Any CPU.ActiveCfg = Debug|Any CPU
		{0A9F696C-A9B9-582C-284F-FC0A43EAC5EE}.Debug|Any CPU.Build.0 = Debug|Any CPU
		{0A9F696C-A9B9-582C-284F-FC0A43EAC5EE}.Debug|x64.ActiveCfg = Debug|Any CPU
		{0A9F696C-A9B9-582C-284F-FC0A43EAC5EE}.Debug|x64.Build.0 = Debug|Any CPU
		{0A9F696C-A9B9-582C-284F-FC0A43EAC5EE}.Debug|x86.ActiveCfg = Debug|Any CPU
		{0A9F696C-A9B9-582C-284F-FC0A43EAC5EE}.Debug|x86.Build.0 = Debug|Any CPU
		{0A9F696C-A9B9-582C-284F-FC0A43EAC5EE}.Release|Any CPU.ActiveCfg = Release|Any CPU
		{0A9F696C-A9B9-582C-284F-FC0A43EAC5EE}.Release|Any CPU.Build.0 = Release|Any CPU
		{0A9F696C-A9B9-582C-284F-FC0A43EAC5EE}.Release|x64.ActiveCfg = Release|Any CPU
		{0A9F696C-A9B9-582C-284F-FC0A43EAC5EE}.Release|x64.Build.0 = Release|Any CPU
		{0A9F696C-A9B9-582C-284F-FC0A43EAC5EE}.Release|x86.ActiveCfg = Release|Any CPU
		{0A9F696C-A9B9-582C-284F-FC0A43EAC5EE}.Release|x86.Build.0 = Release|Any CPU
		{8FAE1F39-60A5-B848-1A61-6186992CEAC4}.Debug|Any CPU.ActiveCfg = Debug|Any CPU
		{8FAE1F39-60A5-B848-1A61-6186992CEAC4}.Debug|Any CPU.Build.0 = Debug|Any CPU
		{8FAE1F39-60A5-B848-1A61-6186992CEAC4}.Debug|x64.ActiveCfg = Debug|Any CPU
		{8FAE1F39-60A5-B848-1A61-6186992CEAC4}.Debug|x64.Build.0 = Debug|Any CPU
		{8FAE1F39-60A5-B848-1A61-6186992CEAC4}.Debug|x86.ActiveCfg = Debug|Any CPU
		{8FAE1F39-60A5-B848-1A61-6186992CEAC4}.Debug|x86.Build.0 = Debug|Any CPU
		{8FAE1F39-60A5-B848-1A61-6186992CEAC4}.Release|Any CPU.ActiveCfg = Release|Any CPU
		{8FAE1F39-60A5-B848-1A61-6186992CEAC4}.Release|Any CPU.Build.0 = Release|Any CPU
		{8FAE1F39-60A5-B848-1A61-6186992CEAC4}.Release|x64.ActiveCfg = Release|Any CPU
		{8FAE1F39-60A5-B848-1A61-6186992CEAC4}.Release|x64.Build.0 = Release|Any CPU
		{8FAE1F39-60A5-B848-1A61-6186992CEAC4}.Release|x86.ActiveCfg = Release|Any CPU
		{8FAE1F39-60A5-B848-1A61-6186992CEAC4}.Release|x86.Build.0 = Release|Any CPU
		{8E1BBE80-0DE2-032E-316D-29650F931302}.Debug|Any CPU.ActiveCfg = Debug|Any CPU
		{8E1BBE80-0DE2-032E-316D-29650F931302}.Debug|Any CPU.Build.0 = Debug|Any CPU
		{8E1BBE80-0DE2-032E-316D-29650F931302}.Debug|x64.ActiveCfg = Debug|Any CPU
		{8E1BBE80-0DE2-032E-316D-29650F931302}.Debug|x64.Build.0 = Debug|Any CPU
		{8E1BBE80-0DE2-032E-316D-29650F931302}.Debug|x86.ActiveCfg = Debug|Any CPU
		{8E1BBE80-0DE2-032E-316D-29650F931302}.Debug|x86.Build.0 = Debug|Any CPU
		{8E1BBE80-0DE2-032E-316D-29650F931302}.Release|Any CPU.ActiveCfg = Release|Any CPU
		{8E1BBE80-0DE2-032E-316D-29650F931302}.Release|Any CPU.Build.0 = Release|Any CPU
		{8E1BBE80-0DE2-032E-316D-29650F931302}.Release|x64.ActiveCfg = Release|Any CPU
		{8E1BBE80-0DE2-032E-316D-29650F931302}.Release|x64.Build.0 = Release|Any CPU
		{8E1BBE80-0DE2-032E-316D-29650F931302}.Release|x86.ActiveCfg = Release|Any CPU
		{8E1BBE80-0DE2-032E-316D-29650F931302}.Release|x86.Build.0 = Release|Any CPU
		{C6FE6F77-9D38-55FD-901B-D94037BA4075}.Debug|Any CPU.ActiveCfg = Debug|Any CPU
		{C6FE6F77-9D38-55FD-901B-D94037BA4075}.Debug|Any CPU.Build.0 = Debug|Any CPU
		{C6FE6F77-9D38-55FD-901B-D94037BA4075}.Debug|x64.ActiveCfg = Debug|Any CPU
		{C6FE6F77-9D38-55FD-901B-D94037BA4075}.Debug|x64.Build.0 = Debug|Any CPU
		{C6FE6F77-9D38-55FD-901B-D94037BA4075}.Debug|x86.ActiveCfg = Debug|Any CPU
		{C6FE6F77-9D38-55FD-901B-D94037BA4075}.Debug|x86.Build.0 = Debug|Any CPU
		{C6FE6F77-9D38-55FD-901B-D94037BA4075}.Release|Any CPU.ActiveCfg = Release|Any CPU
		{C6FE6F77-9D38-55FD-901B-D94037BA4075}.Release|Any CPU.Build.0 = Release|Any CPU
		{C6FE6F77-9D38-55FD-901B-D94037BA4075}.Release|x64.ActiveCfg = Release|Any CPU
		{C6FE6F77-9D38-55FD-901B-D94037BA4075}.Release|x64.Build.0 = Release|Any CPU
		{C6FE6F77-9D38-55FD-901B-D94037BA4075}.Release|x86.ActiveCfg = Release|Any CPU
		{C6FE6F77-9D38-55FD-901B-D94037BA4075}.Release|x86.Build.0 = Release|Any CPU
		{103A7422-DF5F-480D-8CAC-5A852B32445D}.Debug|Any CPU.ActiveCfg = Debug|Any CPU
		{103A7422-DF5F-480D-8CAC-5A852B32445D}.Debug|Any CPU.Build.0 = Debug|Any CPU
		{103A7422-DF5F-480D-8CAC-5A852B32445D}.Debug|x64.ActiveCfg = Debug|Any CPU
		{103A7422-DF5F-480D-8CAC-5A852B32445D}.Debug|x64.Build.0 = Debug|Any CPU
		{103A7422-DF5F-480D-8CAC-5A852B32445D}.Debug|x86.ActiveCfg = Debug|Any CPU
		{103A7422-DF5F-480D-8CAC-5A852B32445D}.Debug|x86.Build.0 = Debug|Any CPU
		{103A7422-DF5F-480D-8CAC-5A852B32445D}.Release|Any CPU.ActiveCfg = Release|Any CPU
		{103A7422-DF5F-480D-8CAC-5A852B32445D}.Release|Any CPU.Build.0 = Release|Any CPU
		{103A7422-DF5F-480D-8CAC-5A852B32445D}.Release|x64.ActiveCfg = Release|Any CPU
		{103A7422-DF5F-480D-8CAC-5A852B32445D}.Release|x64.Build.0 = Release|Any CPU
		{103A7422-DF5F-480D-8CAC-5A852B32445D}.Release|x86.ActiveCfg = Release|Any CPU
		{103A7422-DF5F-480D-8CAC-5A852B32445D}.Release|x86.Build.0 = Release|Any CPU
		{C586AF30-87AF-9985-32FA-8B9E60B903DF}.Debug|Any CPU.ActiveCfg = Debug|Any CPU
		{C586AF30-87AF-9985-32FA-8B9E60B903DF}.Debug|Any CPU.Build.0 = Debug|Any CPU
		{C586AF30-87AF-9985-32FA-8B9E60B903DF}.Debug|x64.ActiveCfg = Debug|Any CPU
		{C586AF30-87AF-9985-32FA-8B9E60B903DF}.Debug|x64.Build.0 = Debug|Any CPU
		{C586AF30-87AF-9985-32FA-8B9E60B903DF}.Debug|x86.ActiveCfg = Debug|Any CPU
		{C586AF30-87AF-9985-32FA-8B9E60B903DF}.Debug|x86.Build.0 = Debug|Any CPU
		{C586AF30-87AF-9985-32FA-8B9E60B903DF}.Release|Any CPU.ActiveCfg = Release|Any CPU
		{C586AF30-87AF-9985-32FA-8B9E60B903DF}.Release|Any CPU.Build.0 = Release|Any CPU
		{C586AF30-87AF-9985-32FA-8B9E60B903DF}.Release|x64.ActiveCfg = Release|Any CPU
		{C586AF30-87AF-9985-32FA-8B9E60B903DF}.Release|x64.Build.0 = Release|Any CPU
		{C586AF30-87AF-9985-32FA-8B9E60B903DF}.Release|x86.ActiveCfg = Release|Any CPU
		{C586AF30-87AF-9985-32FA-8B9E60B903DF}.Release|x86.Build.0 = Release|Any CPU
		{C1592D94-6016-44F7-ACBE-29BF240A4386}.Debug|Any CPU.ActiveCfg = Debug|Any CPU
		{C1592D94-6016-44F7-ACBE-29BF240A4386}.Debug|Any CPU.Build.0 = Debug|Any CPU
		{C1592D94-6016-44F7-ACBE-29BF240A4386}.Debug|x64.ActiveCfg = Debug|Any CPU
		{C1592D94-6016-44F7-ACBE-29BF240A4386}.Debug|x64.Build.0 = Debug|Any CPU
		{C1592D94-6016-44F7-ACBE-29BF240A4386}.Debug|x86.ActiveCfg = Debug|Any CPU
		{C1592D94-6016-44F7-ACBE-29BF240A4386}.Debug|x86.Build.0 = Debug|Any CPU
		{C1592D94-6016-44F7-ACBE-29BF240A4386}.Release|Any CPU.ActiveCfg = Release|Any CPU
		{C1592D94-6016-44F7-ACBE-29BF240A4386}.Release|Any CPU.Build.0 = Release|Any CPU
		{C1592D94-6016-44F7-ACBE-29BF240A4386}.Release|x64.ActiveCfg = Release|Any CPU
		{C1592D94-6016-44F7-ACBE-29BF240A4386}.Release|x64.Build.0 = Release|Any CPU
		{C1592D94-6016-44F7-ACBE-29BF240A4386}.Release|x86.ActiveCfg = Release|Any CPU
		{C1592D94-6016-44F7-ACBE-29BF240A4386}.Release|x86.Build.0 = Release|Any CPU
	EndGlobalSection
	GlobalSection(SolutionProperties) = preSolution
		HideSolutionNode = FALSE
	EndGlobalSection
	GlobalSection(NestedProjects) = preSolution
		{442A513F-D437-B8A5-E756-15C81DF2FEEC} = {A39C23D2-F2C0-258D-165A-CF1E7FEE6E7B}
		{29CAF69E-6AE1-3B25-A705-319A84DEC3FD} = {A39C23D2-F2C0-258D-165A-CF1E7FEE6E7B}
		{AEF0D571-3E34-BDE7-362A-EB594C251A3C} = {827E0CD3-B72D-47B6-A68D-7590B98EB39B}
		{0A9F696C-A9B9-582C-284F-FC0A43EAC5EE} = {827E0CD3-B72D-47B6-A68D-7590B98EB39B}
		{8FAE1F39-60A5-B848-1A61-6186992CEAC4} = {827E0CD3-B72D-47B6-A68D-7590B98EB39B}
		{8E1BBE80-0DE2-032E-316D-29650F931302} = {827E0CD3-B72D-47B6-A68D-7590B98EB39B}
		{C6FE6F77-9D38-55FD-901B-D94037BA4075} = {827E0CD3-B72D-47B6-A68D-7590B98EB39B}
		{103A7422-DF5F-480D-8CAC-5A852B32445D} = {827E0CD3-B72D-47B6-A68D-7590B98EB39B}
		{C586AF30-87AF-9985-32FA-8B9E60B903DF} = {0C88DD14-F956-CE84-757C-A364CCF449FC}
		{C1592D94-6016-44F7-ACBE-29BF240A4386} = {A39C23D2-F2C0-258D-165A-CF1E7FEE6E7B}
	EndGlobalSection
	GlobalSection(ExtensibilityGlobals) = postSolution
		SolutionGuid = {E29D9D6A-5A7E-4FFA-9F99-57D6D3B16533}
	EndGlobalSection
EndGlobal
